
Microsoft Visual Studio Solution File, Format Version 12.00
# Visual Studio Version 17
VisualStudioVersion = 17.14.36414.22 d17.14
MinimumVisualStudioVersion = 10.0.40219.1
Project("{FAE04EC0-301F-11D3-BF4B-00C04F79EFBC}") = "ExamPlan", "ExamPlan\ExamPlan.csproj", "{80973776-8438-4CC9-8399-2CBA4A9A5E24}"
EndProject
Project("{FAE04EC0-301F-11D3-BF4B-00C04F79EFBC}") = "ClassLibrary", "ClassLibrary\ClassLibrary.csproj", "{0EBD70CA-D329-4D47-AE0D-AB7C69EDCAEE}"
EndProject
Global
	GlobalSection(SolutionConfigurationPlatforms) = preSolution
		Debug|Any CPU = Debug|Any CPU
		Release|Any CPU = Release|Any CPU
	EndGlobalSection
	GlobalSection(ProjectConfigurationPlatforms) = postSolution
		{80973776-8438-4CC9-8399-2CBA4A9A5E24}.Debug|Any CPU.ActiveCfg = Debug|Any CPU
		{80973776-8438-4CC9-8399-2CBA4A9A5E24}.Debug|Any CPU.Build.0 = Debug|Any CPU
		{80973776-8438-4CC9-8399-2CBA4A9A5E24}.Release|Any CPU.ActiveCfg = Release|Any CPU
		{80973776-8438-4CC9-8399-2CBA4A9A5E24}.Release|Any CPU.Build.0 = Release|Any CPU
		{0EBD70CA-D329-4D47-AE0D-AB7C69EDCAEE}.Debug|Any CPU.ActiveCfg = Debug|Any CPU
		{0EBD70CA-D329-4D47-AE0D-AB7C69EDCAEE}.Debug|Any CPU.Build.0 = Debug|Any CPU
		{0EBD70CA-D329-4D47-AE0D-AB7C69EDCAEE}.Release|Any CPU.ActiveCfg = Release|Any CPU
		{0EBD70CA-D329-4D47-AE0D-AB7C69EDCAEE}.Release|Any CPU.Build.0 = Release|Any CPU
	EndGlobalSection
	GlobalSection(SolutionProperties) = preSolution
		HideSolutionNode = FALSE
	EndGlobalSection
	GlobalSection(ExtensibilityGlobals) = postSolution
		SolutionGuid = {C920BF35-E146-4E8A-A91A-60815DB001B1}
	EndGlobalSection
EndGlobal
